
Microsoft Visual Studio Solution File, Format Version 12.00
# Visual Studio Version 17
VisualStudioVersion = 17.11.35312.102
MinimumVisualStudioVersion = 10.0.40219.1
Project("{FAE04EC0-301F-11D3-BF4B-00C04F79EFBC}") = "ML.NetRealProblem", "ML.NetRealProblem\ML.NetRealProblem.csproj", "{334C91AF-17D7-4133-A5C4-DE25A7586C08}"
EndProject
Project("{9A19103F-16F7-4668-BE54-9A1E7A4F7556}") = "MachineFailureModel_ConsoleApp", "MachineFailureModel_ConsoleApp\MachineFailureModel_ConsoleApp.csproj", "{2214985F-9C19-427F-8AAF-B00B6CC3C158}"
EndProject
Global
	GlobalSection(SolutionConfigurationPlatforms) = preSolution
		Debug|Any CPU = Debug|Any CPU
		Release|Any CPU = Release|Any CPU
	EndGlobalSection
	GlobalSection(ProjectConfigurationPlatforms) = postSolution
		{334C91AF-17D7-4133-A5C4-DE25A7586C08}.Debug|Any CPU.ActiveCfg = Debug|Any CPU
		{334C91AF-17D7-4133-A5C4-DE25A7586C08}.Debug|Any CPU.Build.0 = Debug|Any CPU
		{334C91AF-17D7-4133-A5C4-DE25A7586C08}.Release|Any CPU.ActiveCfg = Release|Any CPU
		{334C91AF-17D7-4133-A5C4-DE25A7586C08}.Release|Any CPU.Build.0 = Release|Any CPU
		{2214985F-9C19-427F-8AAF-B00B6CC3C158}.Debug|Any CPU.ActiveCfg = Debug|Any CPU
		{2214985F-9C19-427F-8AAF-B00B6CC3C158}.Debug|Any CPU.Build.0 = Debug|Any CPU
		{2214985F-9C19-427F-8AAF-B00B6CC3C158}.Release|Any CPU.ActiveCfg = Release|Any CPU
		{2214985F-9C19-427F-8AAF-B00B6CC3C158}.Release|Any CPU.Build.0 = Release|Any CPU
	EndGlobalSection
	GlobalSection(SolutionProperties) = preSolution
		HideSolutionNode = FALSE
	EndGlobalSection
	GlobalSection(ExtensibilityGlobals) = postSolution
		SolutionGuid = {004FCA90-2EEF-440A-A949-348E0A6EDD03}
	EndGlobalSection
EndGlobal
